
Microsoft Visual Studio Solution File, Format Version 12.00
# Visual Studio Version 17
VisualStudioVersion = 17.2.32526.322
MinimumVisualStudioVersion = 10.0.40219.1
Project("{FAE04EC0-301F-11D3-BF4B-00C04F79EFBC}") = "labasem23", "labasem23\labasem23.csproj", "{8EBC30E1-25F8-4470-B2AA-90236D22DF4A}"
EndProject
Global
	GlobalSection(SolutionConfigurationPlatforms) = preSolution
		Debug|Any CPU = Debug|Any CPU
		Release|Any CPU = Release|Any CPU
	EndGlobalSection
	GlobalSection(ProjectConfigurationPlatforms) = postSolution
		{8EBC30E1-25F8-4470-B2AA-90236D22DF4A}.Debug|Any CPU.ActiveCfg = Debug|Any CPU
		{8EBC30E1-25F8-4470-B2AA-90236D22DF4A}.Debug|Any CPU.Build.0 = Debug|Any CPU
		{8EBC30E1-25F8-4470-B2AA-90236D22DF4A}.Release|Any CPU.ActiveCfg = Release|Any CPU
		{8EBC30E1-25F8-4470-B2AA-90236D22DF4A}.Release|Any CPU.Build.0 = Release|Any CPU
	EndGlobalSection
	GlobalSection(SolutionProperties) = preSolution
		HideSolutionNode = FALSE
	EndGlobalSection
	GlobalSection(ExtensibilityGlobals) = postSolution
		SolutionGuid = {01A48E54-1791-4376-BA1B-AD6904CCF80A}
	EndGlobalSection
EndGlobal
